
Microsoft Visual Studio Solution File, Format Version 12.00
# Visual Studio 2013
VisualStudioVersion = 12.0.30501.0
MinimumVisualStudioVersion = 10.0.40219.1
Project("{FAE04EC0-301F-11D3-BF4B-00C04F79EFBC}") = "KnowtShare", "KnowtShare\KnowtShare.csproj", "{73F9E946-EF3F-4141-8E6B-4E7F960FF1E2}"
EndProject
Project("{FAE04EC0-301F-11D3-BF4B-00C04F79EFBC}") = "KnowtShare.Tests", "KnowtShare.Tests\KnowtShare.Tests.csproj", "{B144E9A7-3342-4663-8005-283CD19DD56B}"
EndProject
Project("{FAE04EC0-301F-11D3-BF4B-00C04F79EFBC}") = "FoundryJS", "..\FoundryJS\FoundryJS\FoundryJS.csproj", "{EE62A0E3-868B-4D02-BFE0-B198C4A23A49}"
EndProject
Global
	GlobalSection(SolutionConfigurationPlatforms) = preSolution
		Debug|Any CPU = Debug|Any CPU
		Release|Any CPU = Release|Any CPU
	EndGlobalSection
	GlobalSection(ProjectConfigurationPlatforms) = postSolution
		{73F9E946-EF3F-4141-8E6B-4E7F960FF1E2}.Debug|Any CPU.ActiveCfg = Debug|Any CPU
		{73F9E946-EF3F-4141-8E6B-4E7F960FF1E2}.Debug|Any CPU.Build.0 = Debug|Any CPU
		{73F9E946-EF3F-4141-8E6B-4E7F960FF1E2}.Release|Any CPU.ActiveCfg = Release|Any CPU
		{73F9E946-EF3F-4141-8E6B-4E7F960FF1E2}.Release|Any CPU.Build.0 = Release|Any CPU
		{B144E9A7-3342-4663-8005-283CD19DD56B}.Debug|Any CPU.ActiveCfg = Debug|Any CPU
		{B144E9A7-3342-4663-8005-283CD19DD56B}.Debug|Any CPU.Build.0 = Debug|Any CPU
		{B144E9A7-3342-4663-8005-283CD19DD56B}.Release|Any CPU.ActiveCfg = Release|Any CPU
		{B144E9A7-3342-4663-8005-283CD19DD56B}.Release|Any CPU.Build.0 = Release|Any CPU
		{EE62A0E3-868B-4D02-BFE0-B198C4A23A49}.Debug|Any CPU.ActiveCfg = Debug|Any CPU
		{EE62A0E3-868B-4D02-BFE0-B198C4A23A49}.Debug|Any CPU.Build.0 = Debug|Any CPU
		{EE62A0E3-868B-4D02-BFE0-B198C4A23A49}.Release|Any CPU.ActiveCfg = Release|Any CPU
		{EE62A0E3-868B-4D02-BFE0-B198C4A23A49}.Release|Any CPU.Build.0 = Release|Any CPU
	EndGlobalSection
	GlobalSection(SolutionProperties) = preSolution
		HideSolutionNode = FALSE
	EndGlobalSection
EndGlobal
